{
    "_meta": {
        "hash": {
            "sha256": "02a2817c6f48feab1e90e055b3fbefa553106a27fea9dd597740f8a1d0ac97a2"
        },
        "requires": {},
        "sources": [
            {
                "url": "https://pypi.python.org/simple",
                "verify_ssl": true
            }
        ]
    },
    "default": {
        "django": {
            "version": "==1.11.5"
        },
        "flake8": {
            "version": "==3.4.1"
        },
        "flake8-docstrings": {
            "version": "==1.1.0"
        },
        "flake8-polyfill": {
            "version": "==1.0.1"
        },
        "mccabe": {
            "version": "==0.6.1"
        },
        "pycodestyle": {
            "version": "==2.3.1"
        },
        "pydocstyle": {
            "version": "==2.0.0"
        },
        "pyflakes": {
            "version": "==1.5.0"
        },
        "python-geohash": {
            "version": "==0.8.5"
        },
        "pytz": {
            "version": "==2017.2"
        },
        "six": {
            "version": "==1.10.0"
        },
        "snowballstemmer": {
            "version": "==1.2.1"
        }
    },
    "develop": {
        "astroid": {
            "version": "==1.5.3"
        },
        "bumpversion": {
            "version": "==0.5.3"
        },
        "cached-property": {
            "version": "==1.3.0"
        },
        "coverage": {
            "version": "==4.4.1"
        },
        "django": {
            "version": "==1.11.5"
        },
        "docker": {
            "version": "==2.5.1"
        },
        "docker-compose": {
            "version": "==1.16.1"
        },
        "docker-pycreds": {
            "version": "==0.2.1"
        },
        "dockerpty": {
            "version": "==0.4.1"
        },
        "docopt": {
            "version": "==0.6.2"
        },
        "dodgy": {
            "version": "==0.1.9"
        },
        "flake8": {
            "version": "==3.4.1"
        },
        "isort": {
            "version": "==4.2.15"
        },
        "jsonschema": {
            "version": "==2.6.0"
        },
        "lazy-object-proxy": {
            "version": "==1.3.1"
        },
        "mccabe": {
            "version": "==0.6.1"
        },
        "model-mommy": {
            "version": "==1.4.0"
        },
        "pep8-naming": {
            "version": "==0.4.1"
        },
        "prospector": {
            "version": "==0.12.7"
        },
        "py": {
            "version": "==1.4.34"
        },
        "pycodestyle": {
            "version": "==2.3.1"
        },
        "pydocstyle": {
            "version": "==2.0.0"
        },
        "pyflakes": {
            "version": "==1.6.0"
        },
        "pylint": {
            "version": "==1.7.2"
        },
        "pylint-celery": {
            "version": "==0.3"
        },
        "pylint-common": {
            "version": "==0.2.5"
        },
        "pylint-django": {
            "version": "==0.7.2"
        },
        "pylint-flask": {
            "version": "==0.5"
        },
        "pylint-plugin-utils": {
            "version": "==0.2.6"
        },
        "pytest": {
            "version": "==3.2.2"
        },
        "pytest-cov": {
            "version": "==2.5.1"
        },
        "pytest-django": {
            "version": "==3.1.2"
        },
        "pytz": {
            "version": "==2017.2"
        },
        "pyyaml": {
            "version": "==3.12"
        },
        "requests": {
            "version": "==2.11.1"
        },
        "requirements-detector": {
            "version": "==0.5.2"
        },
        "setoptconf": {
            "version": "==0.2.0"
        },
        "setuptools": {
            "version": "==36.4.0"
        },
        "six": {
            "version": "==1.10.0"
        },
        "snowballstemmer": {
            "version": "==1.2.1"
        },
        "texttable": {
            "version": "==0.9.1"
        },
        "websocket-client": {
            "version": "==0.44.0"
        },
        "wheel": {
            "version": "==0.29.0"
        },
        "wrapt": {
            "version": "==1.10.11"
        }
    }
}
